// !$*UTF8*$!
{
	archiveVersion = 1;
	classes = {
	};
	objectVersion = 46;
	objects = {

/* Begin PBXBuildFile section */
		510C9EAD16771845001CC09B /* UIKit.framework in Frameworks */ = {isa = PBXBuildFile; fileRef = 510C9EAC16771845001CC09B /* UIKit.framework */; };
		510C9EAF16771845001CC09B /* Foundation.framework in Frameworks */ = {isa = PBXBuildFile; fileRef = 510C9EAE16771845001CC09B /* Foundation.framework */; };
		510C9EB116771845001CC09B /* CoreGraphics.framework in Frameworks */ = {isa = PBXBuildFile; fileRef = 510C9EB016771845001CC09B /* CoreGraphics.framework */; };
		510C9EB716771845001CC09B /* InfoPlist.strings in Resources */ = {isa = PBXBuildFile; fileRef = 510C9EB516771845001CC09B /* InfoPlist.strings */; };
		510C9EB916771845001CC09B /* main.m in Sources */ = {isa = PBXBuildFile; fileRef = 510C9EB816771845001CC09B /* main.m */; };
		510C9EBD16771845001CC09B /* AppDelegate.m in Sources */ = {isa = PBXBuildFile; fileRef = 510C9EBC16771845001CC09B /* AppDelegate.m */; };
		510C9EBF16771845001CC09B /* Default.png in Resources */ = {isa = PBXBuildFile; fileRef = 510C9EBE16771845001CC09B /* Default.png */; };
		510C9EC116771845001CC09B /* Default@2x.png in Resources */ = {isa = PBXBuildFile; fileRef = 510C9EC016771845001CC09B /* Default@2x.png */; };
		510C9EC316771845001CC09B /* Default-568h@2x.png in Resources */ = {isa = PBXBuildFile; fileRef = 510C9EC216771845001CC09B /* Default-568h@2x.png */; };
		510C9EC616771845001CC09B /* ViewController.m in Sources */ = {isa = PBXBuildFile; fileRef = 510C9EC516771845001CC09B /* ViewController.m */; };
		510C9EC916771845001CC09B /* ViewController.xib in Resources */ = {isa = PBXBuildFile; fileRef = 510C9EC716771845001CC09B /* ViewController.xib */; };
		510C9ED216771C45001CC09B /* EmployeeTableViewController.m in Sources */ = {isa = PBXBuildFile; fileRef = 510C9ED016771C45001CC09B /* EmployeeTableViewController.m */; };
		510C9ED316771C45001CC09B /* EmployeeTableViewController.xib in Resources */ = {isa = PBXBuildFile; fileRef = 510C9ED116771C45001CC09B /* EmployeeTableViewController.xib */; };
		510C9EDB167743D9001CC09B /* libsqlite3.0.dylib in Frameworks */ = {isa = PBXBuildFile; fileRef = 510C9EDA167743D9001CC09B /* libsqlite3.0.dylib */; };
		510C9EDE16774B33001CC09B /* Employee.m in Sources */ = {isa = PBXBuildFile; fileRef = 510C9EDD16774B33001CC09B /* Employee.m */; };
		51894EA0167A0BE000C6F51B /* demodata.sqlite in Resources */ = {isa = PBXBuildFile; fileRef = 51894E9F167A0BE000C6F51B /* demodata.sqlite */; };
/* End PBXBuildFile section */

/* Begin PBXFileReference section */
		510C9EA816771845001CC09B /* Location Remainder.app */ = {isa = PBXFileReference; explicitFileType = wrapper.application; includeInIndex = 0; path = "Location Remainder.app"; sourceTree = BUILT_PRODUCTS_DIR; };
		510C9EAC16771845001CC09B /* UIKit.framework */ = {isa = PBXFileReference; lastKnownFileType = wrapper.framework; name = UIKit.framework; path = System/Library/Frameworks/UIKit.framework; sourceTree = SDKROOT; };
		510C9EAE16771845001CC09B /* Foundation.framework */ = {isa = PBXFileReference; lastKnownFileType = wrapper.framework; name = Foundation.framework; path = System/Library/Frameworks/Foundation.framework; sourceTree = SDKROOT; };
		510C9EB016771845001CC09B /* CoreGraphics.framework */ = {isa = PBXFileReference; lastKnownFileType = wrapper.framework; name = CoreGraphics.framework; path = System/Library/Frameworks/CoreGraphics.framework; sourceTree = SDKROOT; };
		510C9EB416771845001CC09B /* Location Remainder-Info.plist */ = {isa = PBXFileReference; lastKnownFileType = text.plist.xml; path = "Location Remainder-Info.plist"; sourceTree = "<group>"; };
		510C9EB616771845001CC09B /* en */ = {isa = PBXFileReference; lastKnownFileType = text.plist.strings; name = en; path = en.lproj/InfoPlist.strings; sourceTree = "<group>"; };
		510C9EB816771845001CC09B /* main.m */ = {isa = PBXFileReference; lastKnownFileType = sourcecode.c.objc; path = main.m; sourceTree = "<group>"; };
		510C9EBA16771845001CC09B /* Location Remainder-Prefix.pch */ = {isa = PBXFileReference; lastKnownFileType = sourcecode.c.h; path = "Location Remainder-Prefix.pch"; sourceTree = "<group>"; };
		510C9EBB16771845001CC09B /* AppDelegate.h */ = {isa = PBXFileReference; lastKnownFileType = sourcecode.c.h; path = AppDelegate.h; sourceTree = "<group>"; };
		510C9EBC16771845001CC09B /* AppDelegate.m */ = {isa = PBXFileReference; lastKnownFileType = sourcecode.c.objc; path = AppDelegate.m; sourceTree = "<group>"; };
		510C9EBE16771845001CC09B /* Default.png */ = {isa = PBXFileReference; lastKnownFileType = image.png; path = Default.png; sourceTree = "<group>"; };
		510C9EC016771845001CC09B /* Default@2x.png */ = {isa = PBXFileReference; lastKnownFileType = image.png; path = "Default@2x.png"; sourceTree = "<group>"; };
		510C9EC216771845001CC09B /* Default-568h@2x.png */ = {isa = PBXFileReference; lastKnownFileType = image.png; path = "Default-568h@2x.png"; sourceTree = "<group>"; };
		510C9EC416771845001CC09B /* ViewController.h */ = {isa = PBXFileReference; lastKnownFileType = sourcecode.c.h; path = ViewController.h; sourceTree = "<group>"; };
		510C9EC516771845001CC09B /* ViewController.m */ = {isa = PBXFileReference; lastKnownFileType = sourcecode.c.objc; path = ViewController.m; sourceTree = "<group>"; };
		510C9EC816771845001CC09B /* en */ = {isa = PBXFileReference; lastKnownFileType = file.xib; name = en; path = en.lproj/ViewController.xib; sourceTree = "<group>"; };
		510C9ECF16771C45001CC09B /* EmployeeTableViewController.h */ = {isa = PBXFileReference; fileEncoding = 4; lastKnownFileType = sourcecode.c.h; path = EmployeeTableViewController.h; sourceTree = "<group>"; };
		510C9ED016771C45001CC09B /* EmployeeTableViewController.m */ = {isa = PBXFileReference; fileEncoding = 4; lastKnownFileType = sourcecode.c.objc; path = EmployeeTableViewController.m; sourceTree = "<group>"; };
		510C9ED116771C45001CC09B /* EmployeeTableViewController.xib */ = {isa = PBXFileReference; fileEncoding = 4; lastKnownFileType = file.xib; path = EmployeeTableViewController.xib; sourceTree = "<group>"; };
		510C9EDA167743D9001CC09B /* libsqlite3.0.dylib */ = {isa = PBXFileReference; lastKnownFileType = "compiled.mach-o.dylib"; name = libsqlite3.0.dylib; path = usr/lib/libsqlite3.0.dylib; sourceTree = SDKROOT; };
		510C9EDC16774B33001CC09B /* Employee.h */ = {isa = PBXFileReference; fileEncoding = 4; lastKnownFileType = sourcecode.c.h; path = Employee.h; sourceTree = "<group>"; };
		510C9EDD16774B33001CC09B /* Employee.m */ = {isa = PBXFileReference; fileEncoding = 4; lastKnownFileType = sourcecode.c.objc; path = Employee.m; sourceTree = "<group>"; };
		51894E9F167A0BE000C6F51B /* demodata.sqlite */ = {isa = PBXFileReference; lastKnownFileType = file; path = demodata.sqlite; sourceTree = "<group>"; };
/* End PBXFileReference section */

/* Begin PBXFrameworksBuildPhase section */
		510C9EA516771845001CC09B /* Frameworks */ = {
			isa = PBXFrameworksBuildPhase;
			buildActionMask = 2147483647;
			files = (
				510C9EDB167743D9001CC09B /* libsqlite3.0.dylib in Frameworks */,
				510C9EAD16771845001CC09B /* UIKit.framework in Frameworks */,
				510C9EAF16771845001CC09B /* Foundation.framework in Frameworks */,
				510C9EB116771845001CC09B /* CoreGraphics.framework in Frameworks */,
			);
			runOnlyForDeploymentPostprocessing = 0;
		};
/* End PBXFrameworksBuildPhase section */

/* Begin PBXGroup section */
		510C9E9D16771845001CC09B = {
			isa = PBXGroup;
			children = (
				510C9EB216771845001CC09B /* Location Remainder */,
				510C9EAB16771845001CC09B /* Frameworks */,
				510C9EA916771845001CC09B /* Products */,
			);
			sourceTree = "<group>";
		};
		510C9EA916771845001CC09B /* Products */ = {
			isa = PBXGroup;
			children = (
				510C9EA816771845001CC09B /* Location Remainder.app */,
			);
			name = Products;
			sourceTree = "<group>";
		};
		510C9EAB16771845001CC09B /* Frameworks */ = {
			isa = PBXGroup;
			children = (
				510C9EDA167743D9001CC09B /* libsqlite3.0.dylib */,
				510C9EAC16771845001CC09B /* UIKit.framework */,
				510C9EAE16771845001CC09B /* Foundation.framework */,
				510C9EB016771845001CC09B /* CoreGraphics.framework */,
			);
			name = Frameworks;
			sourceTree = "<group>";
		};
		510C9EB216771845001CC09B /* Location Remainder */ = {
			isa = PBXGroup;
			children = (
				510C9EBB16771845001CC09B /* AppDelegate.h */,
				510C9EBC16771845001CC09B /* AppDelegate.m */,
				510C9EC416771845001CC09B /* ViewController.h */,
				510C9EC516771845001CC09B /* ViewController.m */,
				510C9EC716771845001CC09B /* ViewController.xib */,
				510C9ECF16771C45001CC09B /* EmployeeTableViewController.h */,
				510C9ED016771C45001CC09B /* EmployeeTableViewController.m */,
				510C9ED116771C45001CC09B /* EmployeeTableViewController.xib */,
				510C9EDC16774B33001CC09B /* Employee.h */,
				510C9EDD16774B33001CC09B /* Employee.m */,
				510C9ED81677438B001CC09B /* Resources */,
				510C9EB316771845001CC09B /* Supporting Files */,
			);
			path = "Location Remainder";
			sourceTree = "<group>";
		};
		510C9EB316771845001CC09B /* Supporting Files */ = {
			isa = PBXGroup;
			children = (
				510C9EB416771845001CC09B /* Location Remainder-Info.plist */,
				510C9EB516771845001CC09B /* InfoPlist.strings */,
				510C9EB816771845001CC09B /* main.m */,
				510C9EBA16771845001CC09B /* Location Remainder-Prefix.pch */,
				510C9EBE16771845001CC09B /* Default.png */,
				510C9EC016771845001CC09B /* Default@2x.png */,
				510C9EC216771845001CC09B /* Default-568h@2x.png */,
			);
			name = "Supporting Files";
			sourceTree = "<group>";
		};
		510C9ED81677438B001CC09B /* Resources */ = {
			isa = PBXGroup;
			children = (
				51894E9F167A0BE000C6F51B /* demodata.sqlite */,
			);
			path = Resources;
			sourceTree = "<group>";
		};
/* End PBXGroup section */

/* Begin PBXNativeTarget section */
		510C9EA716771845001CC09B /* Location Remainder */ = {
			isa = PBXNativeTarget;
			buildConfigurationList = 510C9ECC16771845001CC09B /* Build configuration list for PBXNativeTarget "Location Remainder" */;
			buildPhases = (
				510C9EA416771845001CC09B /* Sources */,
				510C9EA516771845001CC09B /* Frameworks */,
				510C9EA616771845001CC09B /* Resources */,
			);
			buildRules = (
			);
			dependencies = (
			);
			name = "Location Remainder";
			productName = "Location Remainder";
			productReference = 510C9EA816771845001CC09B /* Location Remainder.app */;
			productType = "com.apple.product-type.application";
		};
/* End PBXNativeTarget section */

/* Begin PBXProject section */
		510C9E9F16771845001CC09B /* Project object */ = {
			isa = PBXProject;
			attributes = {
				LastUpgradeCheck = 0450;
				ORGANIZATIONNAME = Nayamode;
			};
			buildConfigurationList = 510C9EA216771845001CC09B /* Build configuration list for PBXProject "Location Remainder" */;
			compatibilityVersion = "Xcode 3.2";
			developmentRegion = English;
			hasScannedForEncodings = 0;
			knownRegions = (
				en,
			);
			mainGroup = 510C9E9D16771845001CC09B;
			productRefGroup = 510C9EA916771845001CC09B /* Products */;
			projectDirPath = "";
			projectRoot = "";
			targets = (
				510C9EA716771845001CC09B /* Location Remainder */,
			);
		};
/* End PBXProject section */

/* Begin PBXResourcesBuildPhase section */
		510C9EA616771845001CC09B /* Resources */ = {
			isa = PBXResourcesBuildPhase;
			buildActionMask = 2147483647;
			files = (
				510C9EB716771845001CC09B /* InfoPlist.strings in Resources */,
				510C9EBF16771845001CC09B /* Default.png in Resources */,
				510C9EC116771845001CC09B /* Default@2x.png in Resources */,
				510C9EC316771845001CC09B /* Default-568h@2x.png in Resources */,
				510C9EC916771845001CC09B /* ViewController.xib in Resources */,
				510C9ED316771C45001CC09B /* EmployeeTableViewController.xib in Resources */,
				51894EA0167A0BE000C6F51B /* demodata.sqlite in Resources */,
			);
			runOnlyForDeploymentPostprocessing = 0;
		};
/* End PBXResourcesBuildPhase section */

/* Begin PBXSourcesBuildPhase section */
		510C9EA416771845001CC09B /* Sources */ = {
			isa = PBXSourcesBuildPhase;
			buildActionMask = 2147483647;
			files = (
				510C9EB916771845001CC09B /* main.m in Sources */,
				510C9EBD16771845001CC09B /* AppDelegate.m in Sources */,
				510C9EC616771845001CC09B /* ViewController.m in Sources */,
				510C9ED216771C45001CC09B /* EmployeeTableViewController.m in Sources */,
				510C9EDE16774B33001CC09B /* Employee.m in Sources */,
			);
			runOnlyForDeploymentPostprocessing = 0;
		};
/* End PBXSourcesBuildPhase section */

/* Begin PBXVariantGroup section */
		510C9EB516771845001CC09B /* InfoPlist.strings */ = {
			isa = PBXVariantGroup;
			children = (
				510C9EB616771845001CC09B /* en */,
			);
			name = InfoPlist.strings;
			sourceTree = "<group>";
		};
		510C9EC716771845001CC09B /* ViewController.xib */ = {
			isa = PBXVariantGroup;
			children = (
				510C9EC816771845001CC09B /* en */,
			);
			name = ViewController.xib;
			sourceTree = "<group>";
		};
/* End PBXVariantGroup section */

/* Begin XCBuildConfiguration section */
		510C9ECA16771845001CC09B /* Debug */ = {
			isa = XCBuildConfiguration;
			buildSettings = {
				ALWAYS_SEARCH_USER_PATHS = NO;
				CLANG_CXX_LANGUAGE_STANDARD = "gnu++0x";
				CLANG_CXX_LIBRARY = "libc++";
				CLANG_ENABLE_OBJC_ARC = YES;
				CLANG_WARN_EMPTY_BODY = YES;
				CLANG_WARN__DUPLICATE_METHOD_MATCH = YES;
				"CODE_SIGN_IDENTITY[sdk=iphoneos*]" = "iPhone Developer";
				COPY_PHASE_STRIP = NO;
				GCC_C_LANGUAGE_STANDARD = gnu99;
				GCC_DYNAMIC_NO_PIC = NO;
				GCC_OPTIMIZATION_LEVEL = 0;
				GCC_PREPROCESSOR_DEFINITIONS = (
					"DEBUG=1",
					"$(inherited)",
				);
				GCC_SYMBOLS_PRIVATE_EXTERN = NO;
				GCC_WARN_ABOUT_RETURN_TYPE = YES;
				GCC_WARN_UNINITIALIZED_AUTOS = YES;
				GCC_WARN_UNUSED_VARIABLE = YES;
				IPHONEOS_DEPLOYMENT_TARGET = 6.0;
				ONLY_ACTIVE_ARCH = YES;
				SDKROOT = iphoneos;
			};
			name = Debug;
		};
		510C9ECB16771845001CC09B /* Release */ = {
			isa = XCBuildConfiguration;
			buildSettings = {
				ALWAYS_SEARCH_USER_PATHS = NO;
				CLANG_CXX_LANGUAGE_STANDARD = "gnu++0x";
				CLANG_CXX_LIBRARY = "libc++";
				CLANG_ENABLE_OBJC_ARC = YES;
				CLANG_WARN_EMPTY_BODY = YES;
				CLANG_WARN__DUPLICATE_METHOD_MATCH = YES;
				"CODE_SIGN_IDENTITY[sdk=iphoneos*]" = "iPhone Developer";
				COPY_PHASE_STRIP = YES;
				GCC_C_LANGUAGE_STANDARD = gnu99;
				GCC_WARN_ABOUT_RETURN_TYPE = YES;
				GCC_WARN_UNINITIALIZED_AUTOS = YES;
				GCC_WARN_UNUSED_VARIABLE = YES;
				IPHONEOS_DEPLOYMENT_TARGET = 6.0;
				OTHER_CFLAGS = "-DNS_BLOCK_ASSERTIONS=1";
				SDKROOT = iphoneos;
				VALIDATE_PRODUCT = YES;
			};
			name = Release;
		};
		510C9ECD16771845001CC09B /* Debug */ = {
			isa = XCBuildConfiguration;
			buildSettings = {
				GCC_PRECOMPILE_PREFIX_HEADER = YES;
				GCC_PREFIX_HEADER = "Location Remainder/Location Remainder-Prefix.pch";
				INFOPLIST_FILE = "Location Remainder/Location Remainder-Info.plist";
				PRODUCT_NAME = "$(TARGET_NAME)";
				WRAPPER_EXTENSION = app;
			};
			name = Debug;
		};
		510C9ECE16771845001CC09B /* Release */ = {
			isa = XCBuildConfiguration;
			buildSettings = {
				GCC_PRECOMPILE_PREFIX_HEADER = YES;
				GCC_PREFIX_HEADER = "Location Remainder/Location Remainder-Prefix.pch";
				INFOPLIST_FILE = "Location Remainder/Location Remainder-Info.plist";
				PRODUCT_NAME = "$(TARGET_NAME)";
				WRAPPER_EXTENSION = app;
			};
			name = Release;
		};
/* End XCBuildConfiguration section */

/* Begin XCConfigurationList section */
		510C9EA216771845001CC09B /* Build configuration list for PBXProject "Location Remainder" */ = {
			isa = XCConfigurationList;
			buildConfigurations = (
				510C9ECA16771845001CC09B /* Debug */,
				510C9ECB16771845001CC09B /* Release */,
			);
			defaultConfigurationIsVisible = 0;
			defaultConfigurationName = Release;
		};
		510C9ECC16771845001CC09B /* Build configuration list for PBXNativeTarget "Location Remainder" */ = {
			isa = XCConfigurationList;
			buildConfigurations = (
				510C9ECD16771845001CC09B /* Debug */,
				510C9ECE16771845001CC09B /* Release */,
			);
			defaultConfigurationIsVisible = 0;
			defaultConfigurationName = Release;
		};
/* End XCConfigurationList section */
	};
	rootObject = 510C9E9F16771845001CC09B /* Project object */;
}
